
Microsoft Visual Studio Solution File, Format Version 12.00
Project("{FAE04EC0-301F-11D3-BF4B-00C04F79EFBC}") = "CargoRequestAPI", "CargoRequestAPI\CargoRequestAPI.csproj", "{B589A476-A191-4F28-872A-C4BCFB9C90F7}"
EndProject
Project("{FAE04EC0-301F-11D3-BF4B-00C04F79EFBC}") = "CargoRequestUI", "CargoRequestUI\CargoRequestUI.csproj", "{BECF8793-5DF5-452A-83DD-362EC31A24D8}"
EndProject
Global
	GlobalSection(SolutionConfigurationPlatforms) = preSolution
		Debug|Any CPU = Debug|Any CPU
		Release|Any CPU = Release|Any CPU
	EndGlobalSection
	GlobalSection(ProjectConfigurationPlatforms) = postSolution
		{B589A476-A191-4F28-872A-C4BCFB9C90F7}.Debug|Any CPU.ActiveCfg = Debug|Any CPU
		{B589A476-A191-4F28-872A-C4BCFB9C90F7}.Debug|Any CPU.Build.0 = Debug|Any CPU
		{B589A476-A191-4F28-872A-C4BCFB9C90F7}.Release|Any CPU.ActiveCfg = Release|Any CPU
		{B589A476-A191-4F28-872A-C4BCFB9C90F7}.Release|Any CPU.Build.0 = Release|Any CPU
		{BECF8793-5DF5-452A-83DD-362EC31A24D8}.Debug|Any CPU.ActiveCfg = Debug|Any CPU
		{BECF8793-5DF5-452A-83DD-362EC31A24D8}.Debug|Any CPU.Build.0 = Debug|Any CPU
		{BECF8793-5DF5-452A-83DD-362EC31A24D8}.Release|Any CPU.ActiveCfg = Release|Any CPU
		{BECF8793-5DF5-452A-83DD-362EC31A24D8}.Release|Any CPU.Build.0 = Release|Any CPU
	EndGlobalSection
EndGlobal
